
Microsoft Visual Studio Solution File, Format Version 12.00
# Visual Studio 15
VisualStudioVersion = 15.0.26730.12
MinimumVisualStudioVersion = 10.0.40219.1
Project("{FAE04EC0-301F-11D3-BF4B-00C04F79EFBC}") = "LiveHTS.SharedKernel", "LiveHTS.SharedKernel\LiveHTS.SharedKernel.csproj", "{11312AFD-1E57-48C8-A628-D6BE2E55D8B6}"
EndProject
Project("{FAE04EC0-301F-11D3-BF4B-00C04F79EFBC}") = "LiveHTS.Infrastructure", "LiveHTS.Infrastructure\LiveHTS.Infrastructure.csproj", "{3BD59362-4846-4407-886A-291BF71FF2AB}"
EndProject
Project("{FAE04EC0-301F-11D3-BF4B-00C04F79EFBC}") = "LiveHTS.Core", "LiveHTS.Core\LiveHTS.Core.csproj", "{612F2A24-D24C-404A-9EC9-11A21A5EF496}"
EndProject
Project("{FAE04EC0-301F-11D3-BF4B-00C04F79EFBC}") = "LiveHTS.Presentation", "LiveHTS.Presentation\LiveHTS.Presentation.csproj", "{3BD500D4-2CA9-4F00-B142-A77DA2E39E8B}"
EndProject
Project("{2150E333-8FDC-42A3-9474-1A3956D46DE8}") = "Core", "Core", "{7252F33F-6567-48AB-A538-8C0D2863C9FE}"
EndProject
Project("{2150E333-8FDC-42A3-9474-1A3956D46DE8}") = "Shared", "Shared", "{E15B63D4-4E65-4389-95C2-4F5E8F8FDD02}"
EndProject
Project("{2150E333-8FDC-42A3-9474-1A3956D46DE8}") = "Infrastructure", "Infrastructure", "{067FD0BA-D031-4A81-A171-31927527753B}"
EndProject
Project("{2150E333-8FDC-42A3-9474-1A3956D46DE8}") = "Presentation", "Presentation", "{EEB86DEA-401F-463F-8611-4022AFDACA8A}"
EndProject
Project("{FAE04EC0-301F-11D3-BF4B-00C04F79EFBC}") = "LiveHTS.Droid", "LiveHTS.Droid\LiveHTS.Droid.csproj", "{902CCBCA-0A92-41DF-95AA-8014A7ABACE2}"
EndProject
Project("{FAE04EC0-301F-11D3-BF4B-00C04F79EFBC}") = "LiveHTS.Infrastructure.Tests", "LiveHTS.Infrastructure.Tests\LiveHTS.Infrastructure.Tests.csproj", "{3B0AEAE6-AB23-41F3-BBCE-FED3A56D56A2}"
EndProject
Project("{FAE04EC0-301F-11D3-BF4B-00C04F79EFBC}") = "LiveHTS.Core.Tests", "LiveHTS.Core.Tests\LiveHTS.Core.Tests.csproj", "{352469CE-927D-42D6-A1EA-8FF940FDC133}"
EndProject
Project("{FAE04EC0-301F-11D3-BF4B-00C04F79EFBC}") = "LiveHTS.Presentation.Tests", "LiveHTS.Presentation.Tests\LiveHTS.Presentation.Tests.csproj", "{889A71E1-517F-46E8-AF28-C2F59B5AF760}"
EndProject
Project("{FAE04EC0-301F-11D3-BF4B-00C04F79EFBC}") = "LiveHTS.SharedKernel.Tests", "LiveHTS.SharedKernel.Tests\LiveHTS.SharedKernel.Tests.csproj", "{4D19AFAF-674A-49B1-9F9C-98341D678912}"
EndProject
Global
	GlobalSection(SolutionConfigurationPlatforms) = preSolution
		Debug|Any CPU = Debug|Any CPU
		Release|Any CPU = Release|Any CPU
	EndGlobalSection
	GlobalSection(ProjectConfigurationPlatforms) = postSolution
		{11312AFD-1E57-48C8-A628-D6BE2E55D8B6}.Debug|Any CPU.ActiveCfg = Debug|Any CPU
		{11312AFD-1E57-48C8-A628-D6BE2E55D8B6}.Debug|Any CPU.Build.0 = Debug|Any CPU
		{11312AFD-1E57-48C8-A628-D6BE2E55D8B6}.Release|Any CPU.ActiveCfg = Release|Any CPU
		{11312AFD-1E57-48C8-A628-D6BE2E55D8B6}.Release|Any CPU.Build.0 = Release|Any CPU
		{3BD59362-4846-4407-886A-291BF71FF2AB}.Debug|Any CPU.ActiveCfg = Debug|Any CPU
		{3BD59362-4846-4407-886A-291BF71FF2AB}.Debug|Any CPU.Build.0 = Debug|Any CPU
		{3BD59362-4846-4407-886A-291BF71FF2AB}.Release|Any CPU.ActiveCfg = Release|Any CPU
		{3BD59362-4846-4407-886A-291BF71FF2AB}.Release|Any CPU.Build.0 = Release|Any CPU
		{612F2A24-D24C-404A-9EC9-11A21A5EF496}.Debug|Any CPU.ActiveCfg = Debug|Any CPU
		{612F2A24-D24C-404A-9EC9-11A21A5EF496}.Debug|Any CPU.Build.0 = Debug|Any CPU
		{612F2A24-D24C-404A-9EC9-11A21A5EF496}.Release|Any CPU.ActiveCfg = Release|Any CPU
		{612F2A24-D24C-404A-9EC9-11A21A5EF496}.Release|Any CPU.Build.0 = Release|Any CPU
		{3BD500D4-2CA9-4F00-B142-A77DA2E39E8B}.Debug|Any CPU.ActiveCfg = Debug|Any CPU
		{3BD500D4-2CA9-4F00-B142-A77DA2E39E8B}.Debug|Any CPU.Build.0 = Debug|Any CPU
		{3BD500D4-2CA9-4F00-B142-A77DA2E39E8B}.Release|Any CPU.ActiveCfg = Release|Any CPU
		{3BD500D4-2CA9-4F00-B142-A77DA2E39E8B}.Release|Any CPU.Build.0 = Release|Any CPU
		{902CCBCA-0A92-41DF-95AA-8014A7ABACE2}.Debug|Any CPU.ActiveCfg = Debug|Any CPU
		{902CCBCA-0A92-41DF-95AA-8014A7ABACE2}.Debug|Any CPU.Build.0 = Debug|Any CPU
		{902CCBCA-0A92-41DF-95AA-8014A7ABACE2}.Debug|Any CPU.Deploy.0 = Debug|Any CPU
		{902CCBCA-0A92-41DF-95AA-8014A7ABACE2}.Release|Any CPU.ActiveCfg = Release|Any CPU
		{902CCBCA-0A92-41DF-95AA-8014A7ABACE2}.Release|Any CPU.Build.0 = Release|Any CPU
		{902CCBCA-0A92-41DF-95AA-8014A7ABACE2}.Release|Any CPU.Deploy.0 = Release|Any CPU
		{3B0AEAE6-AB23-41F3-BBCE-FED3A56D56A2}.Debug|Any CPU.ActiveCfg = Debug|Any CPU
		{3B0AEAE6-AB23-41F3-BBCE-FED3A56D56A2}.Debug|Any CPU.Build.0 = Debug|Any CPU
		{3B0AEAE6-AB23-41F3-BBCE-FED3A56D56A2}.Release|Any CPU.ActiveCfg = Release|Any CPU
		{3B0AEAE6-AB23-41F3-BBCE-FED3A56D56A2}.Release|Any CPU.Build.0 = Release|Any CPU
		{352469CE-927D-42D6-A1EA-8FF940FDC133}.Debug|Any CPU.ActiveCfg = Debug|Any CPU
		{352469CE-927D-42D6-A1EA-8FF940FDC133}.Debug|Any CPU.Build.0 = Debug|Any CPU
		{352469CE-927D-42D6-A1EA-8FF940FDC133}.Release|Any CPU.ActiveCfg = Release|Any CPU
		{352469CE-927D-42D6-A1EA-8FF940FDC133}.Release|Any CPU.Build.0 = Release|Any CPU
		{889A71E1-517F-46E8-AF28-C2F59B5AF760}.Debug|Any CPU.ActiveCfg = Debug|Any CPU
		{889A71E1-517F-46E8-AF28-C2F59B5AF760}.Debug|Any CPU.Build.0 = Debug|Any CPU
		{889A71E1-517F-46E8-AF28-C2F59B5AF760}.Release|Any CPU.ActiveCfg = Release|Any CPU
		{889A71E1-517F-46E8-AF28-C2F59B5AF760}.Release|Any CPU.Build.0 = Release|Any CPU
		{4D19AFAF-674A-49B1-9F9C-98341D678912}.Debug|Any CPU.ActiveCfg = Debug|Any CPU
		{4D19AFAF-674A-49B1-9F9C-98341D678912}.Debug|Any CPU.Build.0 = Debug|Any CPU
		{4D19AFAF-674A-49B1-9F9C-98341D678912}.Release|Any CPU.ActiveCfg = Release|Any CPU
		{4D19AFAF-674A-49B1-9F9C-98341D678912}.Release|Any CPU.Build.0 = Release|Any CPU
	EndGlobalSection
	GlobalSection(SolutionProperties) = preSolution
		HideSolutionNode = FALSE
	EndGlobalSection
	GlobalSection(NestedProjects) = preSolution
		{11312AFD-1E57-48C8-A628-D6BE2E55D8B6} = {E15B63D4-4E65-4389-95C2-4F5E8F8FDD02}
		{3BD59362-4846-4407-886A-291BF71FF2AB} = {067FD0BA-D031-4A81-A171-31927527753B}
		{612F2A24-D24C-404A-9EC9-11A21A5EF496} = {7252F33F-6567-48AB-A538-8C0D2863C9FE}
		{3BD500D4-2CA9-4F00-B142-A77DA2E39E8B} = {EEB86DEA-401F-463F-8611-4022AFDACA8A}
		{3B0AEAE6-AB23-41F3-BBCE-FED3A56D56A2} = {067FD0BA-D031-4A81-A171-31927527753B}
		{352469CE-927D-42D6-A1EA-8FF940FDC133} = {7252F33F-6567-48AB-A538-8C0D2863C9FE}
		{889A71E1-517F-46E8-AF28-C2F59B5AF760} = {EEB86DEA-401F-463F-8611-4022AFDACA8A}
		{4D19AFAF-674A-49B1-9F9C-98341D678912} = {E15B63D4-4E65-4389-95C2-4F5E8F8FDD02}
	EndGlobalSection
	GlobalSection(ExtensibilityGlobals) = postSolution
		SolutionGuid = {AA3B05F5-8DD7-4647-A7BC-B34FAA715EAC}
	EndGlobalSection
EndGlobal
